{
  "name": "server-timings-elem",
  "version": "0.1.1",
  "lockfileVersion": 3,
  "requires": true,
  "packages": {
    "": {
      "name": "server-timings-elem",
      "version": "0.1.1",
      "license": "MIT",
      "devDependencies": {
        "header-timers": "^0.2.0"
      }
    },
    "node_modules/header-timers": {
      "version": "0.2.0",
      "resolved": "https://registry.npmjs.org/header-timers/-/header-timers-0.2.0.tgz",
      "integrity": "sha512-btRoNKCbs+npJo6jfXEB0NEiYozdQpbnLh+vMoE6MvZuG/b+PJOu0NfgEEMXvnFVHVKcoV7+MNP4/L9/Nedo2g==",
      "dev": true
    }
  }
}
